
Microsoft Visual Studio Solution File, Format Version 12.00
# Visual Studio Version 16
VisualStudioVersion = 16.0.31205.134
MinimumVisualStudioVersion = 10.0.40219.1
Project("{FAE04EC0-301F-11D3-BF4B-00C04F79EFBC}") = "Lab1", "Lab1.csproj", "{1ACBE287-E0BD-4042-A03C-51D76A287644}"
EndProject
Global
	GlobalSection(SolutionConfigurationPlatforms) = preSolution
		Debug|Any CPU = Debug|Any CPU
		Release|Any CPU = Release|Any CPU
	EndGlobalSection
	GlobalSection(ProjectConfigurationPlatforms) = postSolution
		{1ACBE287-E0BD-4042-A03C-51D76A287644}.Debug|Any CPU.ActiveCfg = Debug|Any CPU
		{1ACBE287-E0BD-4042-A03C-51D76A287644}.Debug|Any CPU.Build.0 = Debug|Any CPU
		{1ACBE287-E0BD-4042-A03C-51D76A287644}.Release|Any CPU.ActiveCfg = Release|Any CPU
		{1ACBE287-E0BD-4042-A03C-51D76A287644}.Release|Any CPU.Build.0 = Release|Any CPU
	EndGlobalSection
	GlobalSection(SolutionProperties) = preSolution
		HideSolutionNode = FALSE
	EndGlobalSection
	GlobalSection(ExtensibilityGlobals) = postSolution
		SolutionGuid = {6B99D568-BE0A-4537-9EDD-FC1A921A0464}
	EndGlobalSection
EndGlobal
